
Microsoft Visual Studio Solution File, Format Version 12.00
# Visual Studio Version 16
VisualStudioVersion = 16.0.31515.178
MinimumVisualStudioVersion = 10.0.40219.1
Project("{FAE04EC0-301F-11D3-BF4B-00C04F79EFBC}") = "MyNotePad", "MyNotePad\MyNotePad.csproj", "{08AAA326-6711-4E09-8D10-C53A360E6A79}"
EndProject
Global
	GlobalSection(SolutionConfigurationPlatforms) = preSolution
		Debug|Any CPU = Debug|Any CPU
		Release|Any CPU = Release|Any CPU
	EndGlobalSection
	GlobalSection(ProjectConfigurationPlatforms) = postSolution
		{08AAA326-6711-4E09-8D10-C53A360E6A79}.Debug|Any CPU.ActiveCfg = Debug|Any CPU
		{08AAA326-6711-4E09-8D10-C53A360E6A79}.Debug|Any CPU.Build.0 = Debug|Any CPU
		{08AAA326-6711-4E09-8D10-C53A360E6A79}.Release|Any CPU.ActiveCfg = Release|Any CPU
		{08AAA326-6711-4E09-8D10-C53A360E6A79}.Release|Any CPU.Build.0 = Release|Any CPU
	EndGlobalSection
	GlobalSection(SolutionProperties) = preSolution
		HideSolutionNode = FALSE
	EndGlobalSection
	GlobalSection(ExtensibilityGlobals) = postSolution
		SolutionGuid = {50C7013B-2C4C-490E-9FBC-535EB4BA6FF5}
	EndGlobalSection
EndGlobal
